// !$*UTF8*$!
{
	archiveVersion = 1;
	classes = {
	};
	objectVersion = 46;
	objects = {

/* Begin PBXBuildFile section */
		CDF7239B1F2E111500B8F4D7 /* main.m in Sources */ = {isa = PBXBuildFile; fileRef = CDF7239A1F2E111500B8F4D7 /* main.m */; };
		CDF723A61F2E111500B8F4D7 /* Assets.xcassets in Resources */ = {isa = PBXBuildFile; fileRef = CDF723A51F2E111500B8F4D7 /* Assets.xcassets */; };
		CDF723A91F2E111500B8F4D7 /* LaunchScreen.storyboard in Resources */ = {isa = PBXBuildFile; fileRef = CDF723A71F2E111500B8F4D7 /* LaunchScreen.storyboard */; };
		CDF723B41F2E111600B8F4D7 /* QSWaiMaiTakeawayTests.m in Sources */ = {isa = PBXBuildFile; fileRef = CDF723B31F2E111600B8F4D7 /* QSWaiMaiTakeawayTests.m */; };
		CDF723BF1F2E111600B8F4D7 /* QSWaiMaiTakeawayUITests.m in Sources */ = {isa = PBXBuildFile; fileRef = CDF723BE1F2E111600B8F4D7 /* QSWaiMaiTakeawayUITests.m */; };
		CDF723D41F2E144000B8F4D7 /* AppDelegate.m in Sources */ = {isa = PBXBuildFile; fileRef = CDF723CE1F2E144000B8F4D7 /* AppDelegate.m */; };
		CDF723D71F2E14EF00B8F4D7 /* QSFoodDeatilViewController.m in Sources */ = {isa = PBXBuildFile; fileRef = CDF723D61F2E14EF00B8F4D7 /* QSFoodDeatilViewController.m */; };
		CDF723DA1F2E150900B8F4D7 /* QSSnopViewController.m in Sources */ = {isa = PBXBuildFile; fileRef = CDF723D91F2E150900B8F4D7 /* QSSnopViewController.m */; };
		CDF723DD1F2E1BE700B8F4D7 /* QSNavigationController.m in Sources */ = {isa = PBXBuildFile; fileRef = CDF723DC1F2E1BE700B8F4D7 /* QSNavigationController.m */; };
		CDF723E01F2E1C6600B8F4D7 /* QSBaseViewController.m in Sources */ = {isa = PBXBuildFile; fileRef = CDF723DF1F2E1C6600B8F4D7 /* QSBaseViewController.m */; };
		CDF724321F2E1D8100B8F4D7 /* AFHTTPSessionManager.m in Sources */ = {isa = PBXBuildFile; fileRef = CDF723E41F2E1D8100B8F4D7 /* AFHTTPSessionManager.m */; };
		CDF724331F2E1D8100B8F4D7 /* AFNetworkReachabilityManager.m in Sources */ = {isa = PBXBuildFile; fileRef = CDF723E71F2E1D8100B8F4D7 /* AFNetworkReachabilityManager.m */; };
		CDF724341F2E1D8100B8F4D7 /* AFSecurityPolicy.m in Sources */ = {isa = PBXBuildFile; fileRef = CDF723E91F2E1D8100B8F4D7 /* AFSecurityPolicy.m */; };
		CDF724351F2E1D8100B8F4D7 /* AFURLRequestSerialization.m in Sources */ = {isa = PBXBuildFile; fileRef = CDF723EB1F2E1D8100B8F4D7 /* AFURLRequestSerialization.m */; };
		CDF724361F2E1D8100B8F4D7 /* AFURLResponseSerialization.m in Sources */ = {isa = PBXBuildFile; fileRef = CDF723ED1F2E1D8100B8F4D7 /* AFURLResponseSerialization.m */; };
		CDF724371F2E1D8100B8F4D7 /* AFURLSessionManager.m in Sources */ = {isa = PBXBuildFile; fileRef = CDF723EF1F2E1D8100B8F4D7 /* AFURLSessionManager.m */; };
		CDF724381F2E1D8100B8F4D7 /* MASCompositeConstraint.m in Sources */ = {isa = PBXBuildFile; fileRef = CDF723F21F2E1D8100B8F4D7 /* MASCompositeConstraint.m */; };
		CDF724391F2E1D8100B8F4D7 /* MASConstraint.m in Sources */ = {isa = PBXBuildFile; fileRef = CDF723F51F2E1D8100B8F4D7 /* MASConstraint.m */; };
		CDF7243A1F2E1D8100B8F4D7 /* MASConstraintMaker.m in Sources */ = {isa = PBXBuildFile; fileRef = CDF723F71F2E1D8100B8F4D7 /* MASConstraintMaker.m */; };
		CDF7243B1F2E1D8100B8F4D7 /* MASLayoutConstraint.m in Sources */ = {isa = PBXBuildFile; fileRef = CDF723F91F2E1D8100B8F4D7 /* MASLayoutConstraint.m */; };
		CDF7243C1F2E1D8100B8F4D7 /* MASViewAttribute.m in Sources */ = {isa = PBXBuildFile; fileRef = CDF723FD1F2E1D8100B8F4D7 /* MASViewAttribute.m */; };
		CDF7243D1F2E1D8100B8F4D7 /* MASViewConstraint.m in Sources */ = {isa = PBXBuildFile; fileRef = CDF723FF1F2E1D8100B8F4D7 /* MASViewConstraint.m */; };
		CDF7243E1F2E1D8100B8F4D7 /* NSArray+MASAdditions.m in Sources */ = {isa = PBXBuildFile; fileRef = CDF724011F2E1D8100B8F4D7 /* NSArray+MASAdditions.m */; };
		CDF7243F1F2E1D8100B8F4D7 /* NSLayoutConstraint+MASDebugAdditions.m in Sources */ = {isa = PBXBuildFile; fileRef = CDF724041F2E1D8100B8F4D7 /* NSLayoutConstraint+MASDebugAdditions.m */; };
		CDF724401F2E1D8100B8F4D7 /* View+MASAdditions.m in Sources */ = {isa = PBXBuildFile; fileRef = CDF724061F2E1D8100B8F4D7 /* View+MASAdditions.m */; };
		CDF724411F2E1D8100B8F4D7 /* ViewController+MASAdditions.m in Sources */ = {isa = PBXBuildFile; fileRef = CDF724091F2E1D8100B8F4D7 /* ViewController+MASAdditions.m */; };
		CDF724421F2E1D8100B8F4D7 /* MKAnnotationView+WebCache.m in Sources */ = {isa = PBXBuildFile; fileRef = CDF7240C1F2E1D8100B8F4D7 /* MKAnnotationView+WebCache.m */; };
		CDF724431F2E1D8100B8F4D7 /* NSData+ImageContentType.m in Sources */ = {isa = PBXBuildFile; fileRef = CDF7240E1F2E1D8100B8F4D7 /* NSData+ImageContentType.m */; };
		CDF724441F2E1D8100B8F4D7 /* NSImage+WebCache.m in Sources */ = {isa = PBXBuildFile; fileRef = CDF724101F2E1D8100B8F4D7 /* NSImage+WebCache.m */; };
		CDF724451F2E1D8100B8F4D7 /* SDImageCache.m in Sources */ = {isa = PBXBuildFile; fileRef = CDF724121F2E1D8100B8F4D7 /* SDImageCache.m */; };
		CDF724461F2E1D8100B8F4D7 /* SDImageCacheConfig.m in Sources */ = {isa = PBXBuildFile; fileRef = CDF724141F2E1D8100B8F4D7 /* SDImageCacheConfig.m */; };
		CDF724471F2E1D8100B8F4D7 /* SDWebImageCompat.m in Sources */ = {isa = PBXBuildFile; fileRef = CDF724161F2E1D8100B8F4D7 /* SDWebImageCompat.m */; };
		CDF724481F2E1D8100B8F4D7 /* SDWebImageDecoder.m in Sources */ = {isa = PBXBuildFile; fileRef = CDF724181F2E1D8100B8F4D7 /* SDWebImageDecoder.m */; };
		CDF724491F2E1D8100B8F4D7 /* SDWebImageDownloader.m in Sources */ = {isa = PBXBuildFile; fileRef = CDF7241A1F2E1D8100B8F4D7 /* SDWebImageDownloader.m */; };
		CDF7244A1F2E1D8100B8F4D7 /* SDWebImageDownloaderOperation.m in Sources */ = {isa = PBXBuildFile; fileRef = CDF7241C1F2E1D8100B8F4D7 /* SDWebImageDownloaderOperation.m */; };
		CDF7244B1F2E1D8100B8F4D7 /* SDWebImageManager.m in Sources */ = {isa = PBXBuildFile; fileRef = CDF7241E1F2E1D8100B8F4D7 /* SDWebImageManager.m */; };
		CDF7244C1F2E1D8100B8F4D7 /* SDWebImagePrefetcher.m in Sources */ = {isa = PBXBuildFile; fileRef = CDF724211F2E1D8100B8F4D7 /* SDWebImagePrefetcher.m */; };
		CDF7244D1F2E1D8100B8F4D7 /* UIButton+WebCache.m in Sources */ = {isa = PBXBuildFile; fileRef = CDF724231F2E1D8100B8F4D7 /* UIButton+WebCache.m */; };
		CDF7244E1F2E1D8100B8F4D7 /* UIImage+GIF.m in Sources */ = {isa = PBXBuildFile; fileRef = CDF724251F2E1D8100B8F4D7 /* UIImage+GIF.m */; };
		CDF7244F1F2E1D8100B8F4D7 /* UIImage+MultiFormat.m in Sources */ = {isa = PBXBuildFile; fileRef = CDF724271F2E1D8100B8F4D7 /* UIImage+MultiFormat.m */; };
		CDF724501F2E1D8100B8F4D7 /* UIImage+WebP.m in Sources */ = {isa = PBXBuildFile; fileRef = CDF724291F2E1D8100B8F4D7 /* UIImage+WebP.m */; };
		CDF724511F2E1D8100B8F4D7 /* UIImageView+HighlightedWebCache.m in Sources */ = {isa = PBXBuildFile; fileRef = CDF7242B1F2E1D8100B8F4D7 /* UIImageView+HighlightedWebCache.m */; };
		CDF724521F2E1D8100B8F4D7 /* UIImageView+WebCache.m in Sources */ = {isa = PBXBuildFile; fileRef = CDF7242D1F2E1D8100B8F4D7 /* UIImageView+WebCache.m */; };
		CDF724531F2E1D8100B8F4D7 /* UIView+WebCache.m in Sources */ = {isa = PBXBuildFile; fileRef = CDF7242F1F2E1D8100B8F4D7 /* UIView+WebCache.m */; };
		CDF724541F2E1D8100B8F4D7 /* UIView+WebCacheOperation.m in Sources */ = {isa = PBXBuildFile; fileRef = CDF724311F2E1D8100B8F4D7 /* UIView+WebCacheOperation.m */; };
/* End PBXBuildFile section */

/* Begin PBXContainerItemProxy section */
		CDF723B01F2E111600B8F4D7 /* PBXContainerItemProxy */ = {
			isa = PBXContainerItemProxy;
			containerPortal = CDF7238E1F2E111500B8F4D7 /* Project object */;
			proxyType = 1;
			remoteGlobalIDString = CDF723951F2E111500B8F4D7;
			remoteInfo = QSWaiMaiTakeaway;
		};
		CDF723BB1F2E111600B8F4D7 /* PBXContainerItemProxy */ = {
			isa = PBXContainerItemProxy;
			containerPortal = CDF7238E1F2E111500B8F4D7 /* Project object */;
			proxyType = 1;
			remoteGlobalIDString = CDF723951F2E111500B8F4D7;
			remoteInfo = QSWaiMaiTakeaway;
		};
/* End PBXContainerItemProxy section */

/* Begin PBXFileReference section */
		CDF723961F2E111500B8F4D7 /* QSWaiMaiTakeaway.app */ = {isa = PBXFileReference; explicitFileType = wrapper.application; includeInIndex = 0; path = QSWaiMaiTakeaway.app; sourceTree = BUILT_PRODUCTS_DIR; };
		CDF7239A1F2E111500B8F4D7 /* main.m */ = {isa = PBXFileReference; lastKnownFileType = sourcecode.c.objc; path = main.m; sourceTree = "<group>"; };
		CDF723A51F2E111500B8F4D7 /* Assets.xcassets */ = {isa = PBXFileReference; lastKnownFileType = folder.assetcatalog; path = Assets.xcassets; sourceTree = "<group>"; };
		CDF723A81F2E111500B8F4D7 /* Base */ = {isa = PBXFileReference; lastKnownFileType = file.storyboard; name = Base; path = Base.lproj/LaunchScreen.storyboard; sourceTree = "<group>"; };
		CDF723AA1F2E111500B8F4D7 /* Info.plist */ = {isa = PBXFileReference; lastKnownFileType = text.plist.xml; path = Info.plist; sourceTree = "<group>"; };
		CDF723AF1F2E111600B8F4D7 /* QSWaiMaiTakeawayTests.xctest */ = {isa = PBXFileReference; explicitFileType = wrapper.cfbundle; includeInIndex = 0; path = QSWaiMaiTakeawayTests.xctest; sourceTree = BUILT_PRODUCTS_DIR; };
		CDF723B31F2E111600B8F4D7 /* QSWaiMaiTakeawayTests.m */ = {isa = PBXFileReference; lastKnownFileType = sourcecode.c.objc; path = QSWaiMaiTakeawayTests.m; sourceTree = "<group>"; };
		CDF723B51F2E111600B8F4D7 /* Info.plist */ = {isa = PBXFileReference; lastKnownFileType = text.plist.xml; path = Info.plist; sourceTree = "<group>"; };
		CDF723BA1F2E111600B8F4D7 /* QSWaiMaiTakeawayUITests.xctest */ = {isa = PBXFileReference; explicitFileType = wrapper.cfbundle; includeInIndex = 0; path = QSWaiMaiTakeawayUITests.xctest; sourceTree = BUILT_PRODUCTS_DIR; };
		CDF723BE1F2E111600B8F4D7 /* QSWaiMaiTakeawayUITests.m */ = {isa = PBXFileReference; lastKnownFileType = sourcecode.c.objc; path = QSWaiMaiTakeawayUITests.m; sourceTree = "<group>"; };
		CDF723C01F2E111600B8F4D7 /* Info.plist */ = {isa = PBXFileReference; lastKnownFileType = text.plist.xml; path = Info.plist; sourceTree = "<group>"; };
		CDF723CD1F2E144000B8F4D7 /* AppDelegate.h */ = {isa = PBXFileReference; fileEncoding = 4; lastKnownFileType = sourcecode.c.h; path = AppDelegate.h; sourceTree = "<group>"; };
		CDF723CE1F2E144000B8F4D7 /* AppDelegate.m */ = {isa = PBXFileReference; fileEncoding = 4; lastKnownFileType = sourcecode.c.objc; path = AppDelegate.m; sourceTree = "<group>"; };
		CDF723D51F2E14EF00B8F4D7 /* QSFoodDeatilViewController.h */ = {isa = PBXFileReference; fileEncoding = 4; lastKnownFileType = sourcecode.c.h; path = QSFoodDeatilViewController.h; sourceTree = "<group>"; };
		CDF723D61F2E14EF00B8F4D7 /* QSFoodDeatilViewController.m */ = {isa = PBXFileReference; fileEncoding = 4; lastKnownFileType = sourcecode.c.objc; path = QSFoodDeatilViewController.m; sourceTree = "<group>"; };
		CDF723D81F2E150900B8F4D7 /* QSSnopViewController.h */ = {isa = PBXFileReference; fileEncoding = 4; lastKnownFileType = sourcecode.c.h; path = QSSnopViewController.h; sourceTree = "<group>"; };
		CDF723D91F2E150900B8F4D7 /* QSSnopViewController.m */ = {isa = PBXFileReference; fileEncoding = 4; lastKnownFileType = sourcecode.c.objc; path = QSSnopViewController.m; sourceTree = "<group>"; };
		CDF723DB1F2E1BE700B8F4D7 /* QSNavigationController.h */ = {isa = PBXFileReference; fileEncoding = 4; lastKnownFileType = sourcecode.c.h; path = QSNavigationController.h; sourceTree = "<group>"; };
		CDF723DC1F2E1BE700B8F4D7 /* QSNavigationController.m */ = {isa = PBXFileReference; fileEncoding = 4; lastKnownFileType = sourcecode.c.objc; path = QSNavigationController.m; sourceTree = "<group>"; };
		CDF723DE1F2E1C6600B8F4D7 /* QSBaseViewController.h */ = {isa = PBXFileReference; fileEncoding = 4; lastKnownFileType = sourcecode.c.h; path = QSBaseViewController.h; sourceTree = "<group>"; };
		CDF723DF1F2E1C6600B8F4D7 /* QSBaseViewController.m */ = {isa = PBXFileReference; fileEncoding = 4; lastKnownFileType = sourcecode.c.objc; path = QSBaseViewController.m; sourceTree = "<group>"; };
		CDF723E31F2E1D8100B8F4D7 /* AFHTTPSessionManager.h */ = {isa = PBXFileReference; fileEncoding = 4; lastKnownFileType = sourcecode.c.h; path = AFHTTPSessionManager.h; sourceTree = "<group>"; };
		CDF723E41F2E1D8100B8F4D7 /* AFHTTPSessionManager.m */ = {isa = PBXFileReference; fileEncoding = 4; lastKnownFileType = sourcecode.c.objc; path = AFHTTPSessionManager.m; sourceTree = "<group>"; };
		CDF723E51F2E1D8100B8F4D7 /* AFNetworking.h */ = {isa = PBXFileReference; fileEncoding = 4; lastKnownFileType = sourcecode.c.h; path = AFNetworking.h; sourceTree = "<group>"; };
		CDF723E61F2E1D8100B8F4D7 /* AFNetworkReachabilityManager.h */ = {isa = PBXFileReference; fileEncoding = 4; lastKnownFileType = sourcecode.c.h; path = AFNetworkReachabilityManager.h; sourceTree = "<group>"; };
		CDF723E71F2E1D8100B8F4D7 /* AFNetworkReachabilityManager.m */ = {isa = PBXFileReference; fileEncoding = 4; lastKnownFileType = sourcecode.c.objc; path = AFNetworkReachabilityManager.m; sourceTree = "<group>"; };
		CDF723E81F2E1D8100B8F4D7 /* AFSecurityPolicy.h */ = {isa = PBXFileReference; fileEncoding = 4; lastKnownFileType = sourcecode.c.h; path = AFSecurityPolicy.h; sourceTree = "<group>"; };
		CDF723E91F2E1D8100B8F4D7 /* AFSecurityPolicy.m */ = {isa = PBXFileReference; fileEncoding = 4; lastKnownFileType = sourcecode.c.objc; path = AFSecurityPolicy.m; sourceTree = "<group>"; };
		CDF723EA1F2E1D8100B8F4D7 /* AFURLRequestSerialization.h */ = {isa = PBXFileReference; fileEncoding = 4; lastKnownFileType = sourcecode.c.h; path = AFURLRequestSerialization.h; sourceTree = "<group>"; };
		CDF723EB1F2E1D8100B8F4D7 /* AFURLRequestSerialization.m */ = {isa = PBXFileReference; fileEncoding = 4; lastKnownFileType = sourcecode.c.objc; path = AFURLRequestSerialization.m; sourceTree = "<group>"; };
		CDF723EC1F2E1D8100B8F4D7 /* AFURLResponseSerialization.h */ = {isa = PBXFileReference; fileEncoding = 4; lastKnownFileType = sourcecode.c.h; path = AFURLResponseSerialization.h; sourceTree = "<group>"; };
		CDF723ED1F2E1D8100B8F4D7 /* AFURLResponseSerialization.m */ = {isa = PBXFileReference; fileEncoding = 4; lastKnownFileType = sourcecode.c.objc; path = AFURLResponseSerialization.m; sourceTree = "<group>"; };
		CDF723EE1F2E1D8100B8F4D7 /* AFURLSessionManager.h */ = {isa = PBXFileReference; fileEncoding = 4; lastKnownFileType = sourcecode.c.h; path = AFURLSessionManager.h; sourceTree = "<group>"; };
		CDF723EF1F2E1D8100B8F4D7 /* AFURLSessionManager.m */ = {isa = PBXFileReference; fileEncoding = 4; lastKnownFileType = sourcecode.c.objc; path = AFURLSessionManager.m; sourceTree = "<group>"; };
		CDF723F11F2E1D8100B8F4D7 /* MASCompositeConstraint.h */ = {isa = PBXFileReference; fileEncoding = 4; lastKnownFileType = sourcecode.c.h; path = MASCompositeConstraint.h; sourceTree = "<group>"; };
		CDF723F21F2E1D8100B8F4D7 /* MASCompositeConstraint.m */ = {isa = PBXFileReference; fileEncoding = 4; lastKnownFileType = sourcecode.c.objc; path = MASCompositeConstraint.m; sourceTree = "<group>"; };
		CDF723F31F2E1D8100B8F4D7 /* MASConstraint+Private.h */ = {isa = PBXFileReference; fileEncoding = 4; lastKnownFileType = sourcecode.c.h; path = "MASConstraint+Private.h"; sourceTree = "<group>"; };
		CDF723F41F2E1D8100B8F4D7 /* MASConstraint.h */ = {isa = PBXFileReference; fileEncoding = 4; lastKnownFileType = sourcecode.c.h; path = MASConstraint.h; sourceTree = "<group>"; };
		CDF723F51F2E1D8100B8F4D7 /* MASConstraint.m */ = {isa = PBXFileReference; fileEncoding = 4; lastKnownFileType = sourcecode.c.objc; path = MASConstraint.m; sourceTree = "<group>"; };
		CDF723F61F2E1D8100B8F4D7 /* MASConstraintMaker.h */ = {isa = PBXFileReference; fileEncoding = 4; lastKnownFileType = sourcecode.c.h; path = MASConstraintMaker.h; sourceTree = "<group>"; };
		CDF723F71F2E1D8100B8F4D7 /* MASConstraintMaker.m */ = {isa = PBXFileReference; fileEncoding = 4; lastKnownFileType = sourcecode.c.objc; path = MASConstraintMaker.m; sourceTree = "<group>"; };
		CDF723F81F2E1D8100B8F4D7 /* MASLayoutConstraint.h */ = {isa = PBXFileReference; fileEncoding = 4; lastKnownFileType = sourcecode.c.h; path = MASLayoutConstraint.h; sourceTree = "<group>"; };
		CDF723F91F2E1D8100B8F4D7 /* MASLayoutConstraint.m */ = {isa = PBXFileReference; fileEncoding = 4; lastKnownFileType = sourcecode.c.objc; path = MASLayoutConstraint.m; sourceTree = "<group>"; };
		CDF723FA1F2E1D8100B8F4D7 /* Masonry.h */ = {isa = PBXFileReference; fileEncoding = 4; lastKnownFileType = sourcecode.c.h; path = Masonry.h; sourceTree = "<group>"; };
		CDF723FB1F2E1D8100B8F4D7 /* MASUtilities.h */ = {isa = PBXFileReference; fileEncoding = 4; lastKnownFileType = sourcecode.c.h; path = MASUtilities.h; sourceTree = "<group>"; };
		CDF723FC1F2E1D8100B8F4D7 /* MASViewAttribute.h */ = {isa = PBXFileReference; fileEncoding = 4; lastKnownFileType = sourcecode.c.h; path = MASViewAttribute.h; sourceTree = "<group>"; };
		CDF723FD1F2E1D8100B8F4D7 /* MASViewAttribute.m */ = {isa = PBXFileReference; fileEncoding = 4; lastKnownFileType = sourcecode.c.objc; path = MASViewAttribute.m; sourceTree = "<group>"; };
		CDF723FE1F2E1D8100B8F4D7 /* MASViewConstraint.h */ = {isa = PBXFileReference; fileEncoding = 4; lastKnownFileType = sourcecode.c.h; path = MASViewConstraint.h; sourceTree = "<group>"; };
		CDF723FF1F2E1D8100B8F4D7 /* MASViewConstraint.m */ = {isa = PBXFileReference; fileEncoding = 4; lastKnownFileType = sourcecode.c.objc; path = MASViewConstraint.m; sourceTree = "<group>"; };
		CDF724001F2E1D8100B8F4D7 /* NSArray+MASAdditions.h */ = {isa = PBXFileReference; fileEncoding = 4; lastKnownFileType = sourcecode.c.h; path = "NSArray+MASAdditions.h"; sourceTree = "<group>"; };
		CDF724011F2E1D8100B8F4D7 /* NSArray+MASAdditions.m */ = {isa = PBXFileReference; fileEncoding = 4; lastKnownFileType = sourcecode.c.objc; path = "NSArray+MASAdditions.m"; sourceTree = "<group>"; };
		CDF724021F2E1D8100B8F4D7 /* NSArray+MASShorthandAdditions.h */ = {isa = PBXFileReference; fileEncoding = 4; lastKnownFileType = sourcecode.c.h; path = "NSArray+MASShorthandAdditions.h"; sourceTree = "<group>"; };
		CDF724031F2E1D8100B8F4D7 /* NSLayoutConstraint+MASDebugAdditions.h */ = {isa = PBXFileReference; fileEncoding = 4; lastKnownFileType = sourcecode.c.h; path = "NSLayoutConstraint+MASDebugAdditions.h"; sourceTree = "<group>"; };
		CDF724041F2E1D8100B8F4D7 /* NSLayoutConstraint+MASDebugAdditions.m */ = {isa = PBXFileReference; fileEncoding = 4; lastKnownFileType = sourcecode.c.objc; path = "NSLayoutConstraint+MASDebugAdditions.m"; sourceTree = "<group>"; };
		CDF724051F2E1D8100B8F4D7 /* View+MASAdditions.h */ = {isa = PBXFileReference; fileEncoding = 4; lastKnownFileType = sourcecode.c.h; path = "View+MASAdditions.h"; sourceTree = "<group>"; };
		CDF724061F2E1D8100B8F4D7 /* View+MASAdditions.m */ = {isa = PBXFileReference; fileEncoding = 4; lastKnownFileType = sourcecode.c.objc; path = "View+MASAdditions.m"; sourceTree = "<group>"; };
		CDF724071F2E1D8100B8F4D7 /* View+MASShorthandAdditions.h */ = {isa = PBXFileReference; fileEncoding = 4; lastKnownFileType = sourcecode.c.h; path = "View+MASShorthandAdditions.h"; sourceTree = "<group>"; };
		CDF724081F2E1D8100B8F4D7 /* ViewController+MASAdditions.h */ = {isa = PBXFileReference; fileEncoding = 4; lastKnownFileType = sourcecode.c.h; path = "ViewController+MASAdditions.h"; sourceTree = "<group>"; };
		CDF724091F2E1D8100B8F4D7 /* ViewController+MASAdditions.m */ = {isa = PBXFileReference; fileEncoding = 4; lastKnownFileType = sourcecode.c.objc; path = "ViewController+MASAdditions.m"; sourceTree = "<group>"; };
		CDF7240B1F2E1D8100B8F4D7 /* MKAnnotationView+WebCache.h */ = {isa = PBXFileReference; fileEncoding = 4; lastKnownFileType = sourcecode.c.h; path = "MKAnnotationView+WebCache.h"; sourceTree = "<group>"; };
		CDF7240C1F2E1D8100B8F4D7 /* MKAnnotationView+WebCache.m */ = {isa = PBXFileReference; fileEncoding = 4; lastKnownFileType = sourcecode.c.objc; path = "MKAnnotationView+WebCache.m"; sourceTree = "<group>"; };
		CDF7240D1F2E1D8100B8F4D7 /* NSData+ImageContentType.h */ = {isa = PBXFileReference; fileEncoding = 4; lastKnownFileType = sourcecode.c.h; path = "NSData+ImageContentType.h"; sourceTree = "<group>"; };
		CDF7240E1F2E1D8100B8F4D7 /* NSData+ImageContentType.m */ = {isa = PBXFileReference; fileEncoding = 4; lastKnownFileType = sourcecode.c.objc; path = "NSData+ImageContentType.m"; sourceTree = "<group>"; };
		CDF7240F1F2E1D8100B8F4D7 /* NSImage+WebCache.h */ = {isa = PBXFileReference; fileEncoding = 4; lastKnownFileType = sourcecode.c.h; path = "NSImage+WebCache.h"; sourceTree = "<group>"; };
		CDF724101F2E1D8100B8F4D7 /* NSImage+WebCache.m */ = {isa = PBXFileReference; fileEncoding = 4; lastKnownFileType = sourcecode.c.objc; path = "NSImage+WebCache.m"; sourceTree = "<group>"; };
		CDF724111F2E1D8100B8F4D7 /* SDImageCache.h */ = {isa = PBXFileReference; fileEncoding = 4; lastKnownFileType = sourcecode.c.h; path = SDImageCache.h; sourceTree = "<group>"; };
		CDF724121F2E1D8100B8F4D7 /* SDImageCache.m */ = {isa = PBXFileReference; fileEncoding = 4; lastKnownFileType = sourcecode.c.objc; path = SDImageCache.m; sourceTree = "<group>"; };
		CDF724131F2E1D8100B8F4D7 /* SDImageCacheConfig.h */ = {isa = PBXFileReference; fileEncoding = 4; lastKnownFileType = sourcecode.c.h; path = SDImageCacheConfig.h; sourceTree = "<group>"; };
		CDF724141F2E1D8100B8F4D7 /* SDImageCacheConfig.m */ = {isa = PBXFileReference; fileEncoding = 4; lastKnownFileType = sourcecode.c.objc; path = SDImageCacheConfig.m; sourceTree = "<group>"; };
		CDF724151F2E1D8100B8F4D7 /* SDWebImageCompat.h */ = {isa = PBXFileReference; fileEncoding = 4; lastKnownFileType = sourcecode.c.h; path = SDWebImageCompat.h; sourceTree = "<group>"; };
		CDF724161F2E1D8100B8F4D7 /* SDWebImageCompat.m */ = {isa = PBXFileReference; fileEncoding = 4; lastKnownFileType = sourcecode.c.objc; path = SDWebImageCompat.m; sourceTree = "<group>"; };
		CDF724171F2E1D8100B8F4D7 /* SDWebImageDecoder.h */ = {isa = PBXFileReference; fileEncoding = 4; lastKnownFileType = sourcecode.c.h; path = SDWebImageDecoder.h; sourceTree = "<group>"; };
		CDF724181F2E1D8100B8F4D7 /* SDWebImageDecoder.m */ = {isa = PBXFileReference; fileEncoding = 4; lastKnownFileType = sourcecode.c.objc; path = SDWebImageDecoder.m; sourceTree = "<group>"; };
		CDF724191F2E1D8100B8F4D7 /* SDWebImageDownloader.h */ = {isa = PBXFileReference; fileEncoding = 4; lastKnownFileType = sourcecode.c.h; path = SDWebImageDownloader.h; sourceTree = "<group>"; };
		CDF7241A1F2E1D8100B8F4D7 /* SDWebImageDownloader.m */ = {isa = PBXFileReference; fileEncoding = 4; lastKnownFileType = sourcecode.c.objc; path = SDWebImageDownloader.m; sourceTree = "<group>"; };
		CDF7241B1F2E1D8100B8F4D7 /* SDWebImageDownloaderOperation.h */ = {isa = PBXFileReference; fileEncoding = 4; lastKnownFileType = sourcecode.c.h; path = SDWebImageDownloaderOperation.h; sourceTree = "<group>"; };
		CDF7241C1F2E1D8100B8F4D7 /* SDWebImageDownloaderOperation.m */ = {isa = PBXFileReference; fileEncoding = 4; lastKnownFileType = sourcecode.c.objc; path = SDWebImageDownloaderOperation.m; sourceTree = "<group>"; };
		CDF7241D1F2E1D8100B8F4D7 /* SDWebImageManager.h */ = {isa = PBXFileReference; fileEncoding = 4; lastKnownFileType = sourcecode.c.h; path = SDWebImageManager.h; sourceTree = "<group>"; };
		CDF7241E1F2E1D8100B8F4D7 /* SDWebImageManager.m */ = {isa = PBXFileReference; fileEncoding = 4; lastKnownFileType = sourcecode.c.objc; path = SDWebImageManager.m; sourceTree = "<group>"; };
		CDF7241F1F2E1D8100B8F4D7 /* SDWebImageOperation.h */ = {isa = PBXFileReference; fileEncoding = 4; lastKnownFileType = sourcecode.c.h; path = SDWebImageOperation.h; sourceTree = "<group>"; };
		CDF724201F2E1D8100B8F4D7 /* SDWebImagePrefetcher.h */ = {isa = PBXFileReference; fileEncoding = 4; lastKnownFileType = sourcecode.c.h; path = SDWebImagePrefetcher.h; sourceTree = "<group>"; };
		CDF724211F2E1D8100B8F4D7 /* SDWebImagePrefetcher.m */ = {isa = PBXFileReference; fileEncoding = 4; lastKnownFileType = sourcecode.c.objc; path = SDWebImagePrefetcher.m; sourceTree = "<group>"; };
		CDF724221F2E1D8100B8F4D7 /* UIButton+WebCache.h */ = {isa = PBXFileReference; fileEncoding = 4; lastKnownFileType = sourcecode.c.h; path = "UIButton+WebCache.h"; sourceTree = "<group>"; };
		CDF724231F2E1D8100B8F4D7 /* UIButton+WebCache.m */ = {isa = PBXFileReference; fileEncoding = 4; lastKnownFileType = sourcecode.c.objc; path = "UIButton+WebCache.m"; sourceTree = "<group>"; };
		CDF724241F2E1D8100B8F4D7 /* UIImage+GIF.h */ = {isa = PBXFileReference; fileEncoding = 4; lastKnownFileType = sourcecode.c.h; path = "UIImage+GIF.h"; sourceTree = "<group>"; };
		CDF724251F2E1D8100B8F4D7 /* UIImage+GIF.m */ = {isa = PBXFileReference; fileEncoding = 4; lastKnownFileType = sourcecode.c.objc; path = "UIImage+GIF.m"; sourceTree = "<group>"; };
		CDF724261F2E1D8100B8F4D7 /* UIImage+MultiFormat.h */ = {isa = PBXFileReference; fileEncoding = 4; lastKnownFileType = sourcecode.c.h; path = "UIImage+MultiFormat.h"; sourceTree = "<group>"; };
		CDF724271F2E1D8100B8F4D7 /* UIImage+MultiFormat.m */ = {isa = PBXFileReference; fileEncoding = 4; lastKnownFileType = sourcecode.c.objc; path = "UIImage+MultiFormat.m"; sourceTree = "<group>"; };
		CDF724281F2E1D8100B8F4D7 /* UIImage+WebP.h */ = {isa = PBXFileReference; fileEncoding = 4; lastKnownFileType = sourcecode.c.h; path = "UIImage+WebP.h"; sourceTree = "<group>"; };
		CDF724291F2E1D8100B8F4D7 /* UIImage+WebP.m */ = {isa = PBXFileReference; fileEncoding = 4; lastKnownFileType = sourcecode.c.objc; path = "UIImage+WebP.m"; sourceTree = "<group>"; };
		CDF7242A1F2E1D8100B8F4D7 /* UIImageView+HighlightedWebCache.h */ = {isa = PBXFileReference; fileEncoding = 4; lastKnownFileType = sourcecode.c.h; path = "UIImageView+HighlightedWebCache.h"; sourceTree = "<group>"; };
		CDF7242B1F2E1D8100B8F4D7 /* UIImageView+HighlightedWebCache.m */ = {isa = PBXFileReference; fileEncoding = 4; lastKnownFileType = sourcecode.c.objc; path = "UIImageView+HighlightedWebCache.m"; sourceTree = "<group>"; };
		CDF7242C1F2E1D8100B8F4D7 /* UIImageView+WebCache.h */ = {isa = PBXFileReference; fileEncoding = 4; lastKnownFileType = sourcecode.c.h; path = "UIImageView+WebCache.h"; sourceTree = "<group>"; };
		CDF7242D1F2E1D8100B8F4D7 /* UIImageView+WebCache.m */ = {isa = PBXFileReference; fileEncoding = 4; lastKnownFileType = sourcecode.c.objc; path = "UIImageView+WebCache.m"; sourceTree = "<group>"; };
		CDF7242E1F2E1D8100B8F4D7 /* UIView+WebCache.h */ = {isa = PBXFileReference; fileEncoding = 4; lastKnownFileType = sourcecode.c.h; path = "UIView+WebCache.h"; sourceTree = "<group>"; };
		CDF7242F1F2E1D8100B8F4D7 /* UIView+WebCache.m */ = {isa = PBXFileReference; fileEncoding = 4; lastKnownFileType = sourcecode.c.objc; path = "UIView+WebCache.m"; sourceTree = "<group>"; };
		CDF724301F2E1D8100B8F4D7 /* UIView+WebCacheOperation.h */ = {isa = PBXFileReference; fileEncoding = 4; lastKnownFileType = sourcecode.c.h; path = "UIView+WebCacheOperation.h"; sourceTree = "<group>"; };
		CDF724311F2E1D8100B8F4D7 /* UIView+WebCacheOperation.m */ = {isa = PBXFileReference; fileEncoding = 4; lastKnownFileType = sourcecode.c.objc; path = "UIView+WebCacheOperation.m"; sourceTree = "<group>"; };
/* End PBXFileReference section */

/* Begin PBXFrameworksBuildPhase section */
		CDF723931F2E111500B8F4D7 /* Frameworks */ = {
			isa = PBXFrameworksBuildPhase;
			buildActionMask = 2147483647;
			files = (
			);
			runOnlyForDeploymentPostprocessing = 0;
		};
		CDF723AC1F2E111600B8F4D7 /* Frameworks */ = {
			isa = PBXFrameworksBuildPhase;
			buildActionMask = 2147483647;
			files = (
			);
			runOnlyForDeploymentPostprocessing = 0;
		};
		CDF723B71F2E111600B8F4D7 /* Frameworks */ = {
			isa = PBXFrameworksBuildPhase;
			buildActionMask = 2147483647;
			files = (
			);
			runOnlyForDeploymentPostprocessing = 0;
		};
/* End PBXFrameworksBuildPhase section */

/* Begin PBXGroup section */
		CDF7238D1F2E111500B8F4D7 = {
			isa = PBXGroup;
			children = (
				CDF723981F2E111500B8F4D7 /* QSWaiMaiTakeaway */,
				CDF723B21F2E111600B8F4D7 /* QSWaiMaiTakeawayTests */,
				CDF723BD1F2E111600B8F4D7 /* QSWaiMaiTakeawayUITests */,
				CDF723971F2E111500B8F4D7 /* Products */,
			);
			sourceTree = "<group>";
		};
		CDF723971F2E111500B8F4D7 /* Products */ = {
			isa = PBXGroup;
			children = (
				CDF723961F2E111500B8F4D7 /* QSWaiMaiTakeaway.app */,
				CDF723AF1F2E111600B8F4D7 /* QSWaiMaiTakeawayTests.xctest */,
				CDF723BA1F2E111600B8F4D7 /* QSWaiMaiTakeawayUITests.xctest */,
			);
			name = Products;
			sourceTree = "<group>";
		};
		CDF723981F2E111500B8F4D7 /* QSWaiMaiTakeaway */ = {
			isa = PBXGroup;
			children = (
				CDF723CC1F2E144000B8F4D7 /* Others */,
				CDF723CF1F2E144000B8F4D7 /* Lib */,
				CDF723D01F2E144000B8F4D7 /* Common */,
				CDF723D11F2E144000B8F4D7 /* Classes */,
				CDF723A51F2E111500B8F4D7 /* Assets.xcassets */,
				CDF723A71F2E111500B8F4D7 /* LaunchScreen.storyboard */,
				CDF723AA1F2E111500B8F4D7 /* Info.plist */,
				CDF723991F2E111500B8F4D7 /* Supporting Files */,
			);
			path = QSWaiMaiTakeaway;
			sourceTree = "<group>";
		};
		CDF723991F2E111500B8F4D7 /* Supporting Files */ = {
			isa = PBXGroup;
			children = (
				CDF7239A1F2E111500B8F4D7 /* main.m */,
			);
			name = "Supporting Files";
			sourceTree = "<group>";
		};
		CDF723B21F2E111600B8F4D7 /* QSWaiMaiTakeawayTests */ = {
			isa = PBXGroup;
			children = (
				CDF723B31F2E111600B8F4D7 /* QSWaiMaiTakeawayTests.m */,
				CDF723B51F2E111600B8F4D7 /* Info.plist */,
			);
			path = QSWaiMaiTakeawayTests;
			sourceTree = "<group>";
		};
		CDF723BD1F2E111600B8F4D7 /* QSWaiMaiTakeawayUITests */ = {
			isa = PBXGroup;
			children = (
				CDF723BE1F2E111600B8F4D7 /* QSWaiMaiTakeawayUITests.m */,
				CDF723C01F2E111600B8F4D7 /* Info.plist */,
			);
			path = QSWaiMaiTakeawayUITests;
			sourceTree = "<group>";
		};
		CDF723CC1F2E144000B8F4D7 /* Others */ = {
			isa = PBXGroup;
			children = (
				CDF723CD1F2E144000B8F4D7 /* AppDelegate.h */,
				CDF723CE1F2E144000B8F4D7 /* AppDelegate.m */,
			);
			path = Others;
			sourceTree = "<group>";
		};
		CDF723CF1F2E144000B8F4D7 /* Lib */ = {
			isa = PBXGroup;
			children = (
				CDF723E21F2E1D8100B8F4D7 /* AFNetworking */,
				CDF723F01F2E1D8100B8F4D7 /* Masonry */,
				CDF7240A1F2E1D8100B8F4D7 /* SDWebImage */,
			);
			path = Lib;
			sourceTree = "<group>";
		};
		CDF723D01F2E144000B8F4D7 /* Common */ = {
			isa = PBXGroup;
			children = (
				CDF723DB1F2E1BE700B8F4D7 /* QSNavigationController.h */,
				CDF723DC1F2E1BE700B8F4D7 /* QSNavigationController.m */,
				CDF723DE1F2E1C6600B8F4D7 /* QSBaseViewController.h */,
				CDF723DF1F2E1C6600B8F4D7 /* QSBaseViewController.m */,
			);
			path = Common;
			sourceTree = "<group>";
		};
		CDF723D11F2E144000B8F4D7 /* Classes */ = {
			isa = PBXGroup;
			children = (
				CDF723D31F2E144000B8F4D7 /* snop */,
				CDF723D21F2E144000B8F4D7 /* foodDeatil */,
			);
			path = Classes;
			sourceTree = "<group>";
		};
		CDF723D21F2E144000B8F4D7 /* foodDeatil */ = {
			isa = PBXGroup;
			children = (
				CDF723D51F2E14EF00B8F4D7 /* QSFoodDeatilViewController.h */,
				CDF723D61F2E14EF00B8F4D7 /* QSFoodDeatilViewController.m */,
			);
			path = foodDeatil;
			sourceTree = "<group>";
		};
		CDF723D31F2E144000B8F4D7 /* snop */ = {
			isa = PBXGroup;
			children = (
				CDF723D81F2E150900B8F4D7 /* QSSnopViewController.h */,
				CDF723D91F2E150900B8F4D7 /* QSSnopViewController.m */,
			);
			path = snop;
			sourceTree = "<group>";
		};
		CDF723E21F2E1D8100B8F4D7 /* AFNetworking */ = {
			isa = PBXGroup;
			children = (
				CDF723E31F2E1D8100B8F4D7 /* AFHTTPSessionManager.h */,
				CDF723E41F2E1D8100B8F4D7 /* AFHTTPSessionManager.m */,
				CDF723E51F2E1D8100B8F4D7 /* AFNetworking.h */,
				CDF723E61F2E1D8100B8F4D7 /* AFNetworkReachabilityManager.h */,
				CDF723E71F2E1D8100B8F4D7 /* AFNetworkReachabilityManager.m */,
				CDF723E81F2E1D8100B8F4D7 /* AFSecurityPolicy.h */,
				CDF723E91F2E1D8100B8F4D7 /* AFSecurityPolicy.m */,
				CDF723EA1F2E1D8100B8F4D7 /* AFURLRequestSerialization.h */,
				CDF723EB1F2E1D8100B8F4D7 /* AFURLRequestSerialization.m */,
				CDF723EC1F2E1D8100B8F4D7 /* AFURLResponseSerialization.h */,
				CDF723ED1F2E1D8100B8F4D7 /* AFURLResponseSerialization.m */,
				CDF723EE1F2E1D8100B8F4D7 /* AFURLSessionManager.h */,
				CDF723EF1F2E1D8100B8F4D7 /* AFURLSessionManager.m */,
			);
			path = AFNetworking;
			sourceTree = "<group>";
		};
		CDF723F01F2E1D8100B8F4D7 /* Masonry */ = {
			isa = PBXGroup;
			children = (
				CDF723F11F2E1D8100B8F4D7 /* MASCompositeConstraint.h */,
				CDF723F21F2E1D8100B8F4D7 /* MASCompositeConstraint.m */,
				CDF723F31F2E1D8100B8F4D7 /* MASConstraint+Private.h */,
				CDF723F41F2E1D8100B8F4D7 /* MASConstraint.h */,
				CDF723F51F2E1D8100B8F4D7 /* MASConstraint.m */,
				CDF723F61F2E1D8100B8F4D7 /* MASConstraintMaker.h */,
				CDF723F71F2E1D8100B8F4D7 /* MASConstraintMaker.m */,
				CDF723F81F2E1D8100B8F4D7 /* MASLayoutConstraint.h */,
				CDF723F91F2E1D8100B8F4D7 /* MASLayoutConstraint.m */,
				CDF723FA1F2E1D8100B8F4D7 /* Masonry.h */,
				CDF723FB1F2E1D8100B8F4D7 /* MASUtilities.h */,
				CDF723FC1F2E1D8100B8F4D7 /* MASViewAttribute.h */,
				CDF723FD1F2E1D8100B8F4D7 /* MASViewAttribute.m */,
				CDF723FE1F2E1D8100B8F4D7 /* MASViewConstraint.h */,
				CDF723FF1F2E1D8100B8F4D7 /* MASViewConstraint.m */,
				CDF724001F2E1D8100B8F4D7 /* NSArray+MASAdditions.h */,
				CDF724011F2E1D8100B8F4D7 /* NSArray+MASAdditions.m */,
				CDF724021F2E1D8100B8F4D7 /* NSArray+MASShorthandAdditions.h */,
				CDF724031F2E1D8100B8F4D7 /* NSLayoutConstraint+MASDebugAdditions.h */,
				CDF724041F2E1D8100B8F4D7 /* NSLayoutConstraint+MASDebugAdditions.m */,
				CDF724051F2E1D8100B8F4D7 /* View+MASAdditions.h */,
				CDF724061F2E1D8100B8F4D7 /* View+MASAdditions.m */,
				CDF724071F2E1D8100B8F4D7 /* View+MASShorthandAdditions.h */,
				CDF724081F2E1D8100B8F4D7 /* ViewController+MASAdditions.h */,
				CDF724091F2E1D8100B8F4D7 /* ViewController+MASAdditions.m */,
			);
			path = Masonry;
			sourceTree = "<group>";
		};
		CDF7240A1F2E1D8100B8F4D7 /* SDWebImage */ = {
			isa = PBXGroup;
			children = (
				CDF7240B1F2E1D8100B8F4D7 /* MKAnnotationView+WebCache.h */,
				CDF7240C1F2E1D8100B8F4D7 /* MKAnnotationView+WebCache.m */,
				CDF7240D1F2E1D8100B8F4D7 /* NSData+ImageContentType.h */,
				CDF7240E1F2E1D8100B8F4D7 /* NSData+ImageContentType.m */,
				CDF7240F1F2E1D8100B8F4D7 /* NSImage+WebCache.h */,
				CDF724101F2E1D8100B8F4D7 /* NSImage+WebCache.m */,
				CDF724111F2E1D8100B8F4D7 /* SDImageCache.h */,
				CDF724121F2E1D8100B8F4D7 /* SDImageCache.m */,
				CDF724131F2E1D8100B8F4D7 /* SDImageCacheConfig.h */,
				CDF724141F2E1D8100B8F4D7 /* SDImageCacheConfig.m */,
				CDF724151F2E1D8100B8F4D7 /* SDWebImageCompat.h */,
				CDF724161F2E1D8100B8F4D7 /* SDWebImageCompat.m */,
				CDF724171F2E1D8100B8F4D7 /* SDWebImageDecoder.h */,
				CDF724181F2E1D8100B8F4D7 /* SDWebImageDecoder.m */,
				CDF724191F2E1D8100B8F4D7 /* SDWebImageDownloader.h */,
				CDF7241A1F2E1D8100B8F4D7 /* SDWebImageDownloader.m */,
				CDF7241B1F2E1D8100B8F4D7 /* SDWebImageDownloaderOperation.h */,
				CDF7241C1F2E1D8100B8F4D7 /* SDWebImageDownloaderOperation.m */,
				CDF7241D1F2E1D8100B8F4D7 /* SDWebImageManager.h */,
				CDF7241E1F2E1D8100B8F4D7 /* SDWebImageManager.m */,
				CDF7241F1F2E1D8100B8F4D7 /* SDWebImageOperation.h */,
				CDF724201F2E1D8100B8F4D7 /* SDWebImagePrefetcher.h */,
				CDF724211F2E1D8100B8F4D7 /* SDWebImagePrefetcher.m */,
				CDF724221F2E1D8100B8F4D7 /* UIButton+WebCache.h */,
				CDF724231F2E1D8100B8F4D7 /* UIButton+WebCache.m */,
				CDF724241F2E1D8100B8F4D7 /* UIImage+GIF.h */,
				CDF724251F2E1D8100B8F4D7 /* UIImage+GIF.m */,
				CDF724261F2E1D8100B8F4D7 /* UIImage+MultiFormat.h */,
				CDF724271F2E1D8100B8F4D7 /* UIImage+MultiFormat.m */,
				CDF724281F2E1D8100B8F4D7 /* UIImage+WebP.h */,
				CDF724291F2E1D8100B8F4D7 /* UIImage+WebP.m */,
				CDF7242A1F2E1D8100B8F4D7 /* UIImageView+HighlightedWebCache.h */,
				CDF7242B1F2E1D8100B8F4D7 /* UIImageView+HighlightedWebCache.m */,
				CDF7242C1F2E1D8100B8F4D7 /* UIImageView+WebCache.h */,
				CDF7242D1F2E1D8100B8F4D7 /* UIImageView+WebCache.m */,
				CDF7242E1F2E1D8100B8F4D7 /* UIView+WebCache.h */,
				CDF7242F1F2E1D8100B8F4D7 /* UIView+WebCache.m */,
				CDF724301F2E1D8100B8F4D7 /* UIView+WebCacheOperation.h */,
				CDF724311F2E1D8100B8F4D7 /* UIView+WebCacheOperation.m */,
			);
			path = SDWebImage;
			sourceTree = "<group>";
		};
/* End PBXGroup section */

/* Begin PBXNativeTarget section */
		CDF723951F2E111500B8F4D7 /* QSWaiMaiTakeaway */ = {
			isa = PBXNativeTarget;
			buildConfigurationList = CDF723C31F2E111600B8F4D7 /* Build configuration list for PBXNativeTarget "QSWaiMaiTakeaway" */;
			buildPhases = (
				CDF723921F2E111500B8F4D7 /* Sources */,
				CDF723931F2E111500B8F4D7 /* Frameworks */,
				CDF723941F2E111500B8F4D7 /* Resources */,
			);
			buildRules = (
			);
			dependencies = (
			);
			name = QSWaiMaiTakeaway;
			productName = QSWaiMaiTakeaway;
			productReference = CDF723961F2E111500B8F4D7 /* QSWaiMaiTakeaway.app */;
			productType = "com.apple.product-type.application";
		};
		CDF723AE1F2E111600B8F4D7 /* QSWaiMaiTakeawayTests */ = {
			isa = PBXNativeTarget;
			buildConfigurationList = CDF723C61F2E111600B8F4D7 /* Build configuration list for PBXNativeTarget "QSWaiMaiTakeawayTests" */;
			buildPhases = (
				CDF723AB1F2E111600B8F4D7 /* Sources */,
				CDF723AC1F2E111600B8F4D7 /* Frameworks */,
				CDF723AD1F2E111600B8F4D7 /* Resources */,
			);
			buildRules = (
			);
			dependencies = (
				CDF723B11F2E111600B8F4D7 /* PBXTargetDependency */,
			);
			name = QSWaiMaiTakeawayTests;
			productName = QSWaiMaiTakeawayTests;
			productReference = CDF723AF1F2E111600B8F4D7 /* QSWaiMaiTakeawayTests.xctest */;
			productType = "com.apple.product-type.bundle.unit-test";
		};
		CDF723B91F2E111600B8F4D7 /* QSWaiMaiTakeawayUITests */ = {
			isa = PBXNativeTarget;
			buildConfigurationList = CDF723C91F2E111600B8F4D7 /* Build configuration list for PBXNativeTarget "QSWaiMaiTakeawayUITests" */;
			buildPhases = (
				CDF723B61F2E111600B8F4D7 /* Sources */,
				CDF723B71F2E111600B8F4D7 /* Frameworks */,
				CDF723B81F2E111600B8F4D7 /* Resources */,
			);
			buildRules = (
			);
			dependencies = (
				CDF723BC1F2E111600B8F4D7 /* PBXTargetDependency */,
			);
			name = QSWaiMaiTakeawayUITests;
			productName = QSWaiMaiTakeawayUITests;
			productReference = CDF723BA1F2E111600B8F4D7 /* QSWaiMaiTakeawayUITests.xctest */;
			productType = "com.apple.product-type.bundle.ui-testing";
		};
/* End PBXNativeTarget section */

/* Begin PBXProject section */
		CDF7238E1F2E111500B8F4D7 /* Project object */ = {
			isa = PBXProject;
			attributes = {
				LastUpgradeCheck = 0820;
				ORGANIZATIONNAME = "钱烁";
				TargetAttributes = {
					CDF723951F2E111500B8F4D7 = {
						CreatedOnToolsVersion = 8.2.1;
						ProvisioningStyle = Automatic;
					};
					CDF723AE1F2E111600B8F4D7 = {
						CreatedOnToolsVersion = 8.2.1;
						ProvisioningStyle = Automatic;
						TestTargetID = CDF723951F2E111500B8F4D7;
					};
					CDF723B91F2E111600B8F4D7 = {
						CreatedOnToolsVersion = 8.2.1;
						ProvisioningStyle = Automatic;
						TestTargetID = CDF723951F2E111500B8F4D7;
					};
				};
			};
			buildConfigurationList = CDF723911F2E111500B8F4D7 /* Build configuration list for PBXProject "QSWaiMaiTakeaway" */;
			compatibilityVersion = "Xcode 3.2";
			developmentRegion = English;
			hasScannedForEncodings = 0;
			knownRegions = (
				en,
				Base,
			);
			mainGroup = CDF7238D1F2E111500B8F4D7;
			productRefGroup = CDF723971F2E111500B8F4D7 /* Products */;
			projectDirPath = "";
			projectRoot = "";
			targets = (
				CDF723951F2E111500B8F4D7 /* QSWaiMaiTakeaway */,
				CDF723AE1F2E111600B8F4D7 /* QSWaiMaiTakeawayTests */,
				CDF723B91F2E111600B8F4D7 /* QSWaiMaiTakeawayUITests */,
			);
		};
/* End PBXProject section */

/* Begin PBXResourcesBuildPhase section */
		CDF723941F2E111500B8F4D7 /* Resources */ = {
			isa = PBXResourcesBuildPhase;
			buildActionMask = 2147483647;
			files = (
				CDF723A91F2E111500B8F4D7 /* LaunchScreen.storyboard in Resources */,
				CDF723A61F2E111500B8F4D7 /* Assets.xcassets in Resources */,
			);
			runOnlyForDeploymentPostprocessing = 0;
		};
		CDF723AD1F2E111600B8F4D7 /* Resources */ = {
			isa = PBXResourcesBuildPhase;
			buildActionMask = 2147483647;
			files = (
			);
			runOnlyForDeploymentPostprocessing = 0;
		};
		CDF723B81F2E111600B8F4D7 /* Resources */ = {
			isa = PBXResourcesBuildPhase;
			buildActionMask = 2147483647;
			files = (
			);
			runOnlyForDeploymentPostprocessing = 0;
		};
/* End PBXResourcesBuildPhase section */

/* Begin PBXSourcesBuildPhase section */
		CDF723921F2E111500B8F4D7 /* Sources */ = {
			isa = PBXSourcesBuildPhase;
			buildActionMask = 2147483647;
			files = (
				CDF723DA1F2E150900B8F4D7 /* QSSnopViewController.m in Sources */,
				CDF724541F2E1D8100B8F4D7 /* UIView+WebCacheOperation.m in Sources */,
				CDF7244D1F2E1D8100B8F4D7 /* UIButton+WebCache.m in Sources */,
				CDF7244B1F2E1D8100B8F4D7 /* SDWebImageManager.m in Sources */,
				CDF7243E1F2E1D8100B8F4D7 /* NSArray+MASAdditions.m in Sources */,
				CDF724341F2E1D8100B8F4D7 /* AFSecurityPolicy.m in Sources */,
				CDF7243F1F2E1D8100B8F4D7 /* NSLayoutConstraint+MASDebugAdditions.m in Sources */,
				CDF724491F2E1D8100B8F4D7 /* SDWebImageDownloader.m in Sources */,
				CDF723E01F2E1C6600B8F4D7 /* QSBaseViewController.m in Sources */,
				CDF724471F2E1D8100B8F4D7 /* SDWebImageCompat.m in Sources */,
				CDF723DD1F2E1BE700B8F4D7 /* QSNavigationController.m in Sources */,
				CDF7243C1F2E1D8100B8F4D7 /* MASViewAttribute.m in Sources */,
				CDF7243B1F2E1D8100B8F4D7 /* MASLayoutConstraint.m in Sources */,
				CDF724381F2E1D8100B8F4D7 /* MASCompositeConstraint.m in Sources */,
				CDF724361F2E1D8100B8F4D7 /* AFURLResponseSerialization.m in Sources */,
				CDF724521F2E1D8100B8F4D7 /* UIImageView+WebCache.m in Sources */,
				CDF724501F2E1D8100B8F4D7 /* UIImage+WebP.m in Sources */,
				CDF724461F2E1D8100B8F4D7 /* SDImageCacheConfig.m in Sources */,
				CDF724431F2E1D8100B8F4D7 /* NSData+ImageContentType.m in Sources */,
				CDF7244F1F2E1D8100B8F4D7 /* UIImage+MultiFormat.m in Sources */,
				CDF7244A1F2E1D8100B8F4D7 /* SDWebImageDownloaderOperation.m in Sources */,
				CDF723D71F2E14EF00B8F4D7 /* QSFoodDeatilViewController.m in Sources */,
				CDF724511F2E1D8100B8F4D7 /* UIImageView+HighlightedWebCache.m in Sources */,
				CDF7243D1F2E1D8100B8F4D7 /* MASViewConstraint.m in Sources */,
				CDF723D41F2E144000B8F4D7 /* AppDelegate.m in Sources */,
				CDF724321F2E1D8100B8F4D7 /* AFHTTPSessionManager.m in Sources */,
				CDF724351F2E1D8100B8F4D7 /* AFURLRequestSerialization.m in Sources */,
				CDF724531F2E1D8100B8F4D7 /* UIView+WebCache.m in Sources */,
				CDF724371F2E1D8100B8F4D7 /* AFURLSessionManager.m in Sources */,
				CDF724411F2E1D8100B8F4D7 /* ViewController+MASAdditions.m in Sources */,
				CDF724421F2E1D8100B8F4D7 /* MKAnnotationView+WebCache.m in Sources */,
				CDF724441F2E1D8100B8F4D7 /* NSImage+WebCache.m in Sources */,
				CDF724481F2E1D8100B8F4D7 /* SDWebImageDecoder.m in Sources */,
				CDF7243A1F2E1D8100B8F4D7 /* MASConstraintMaker.m in Sources */,
				CDF724331F2E1D8100B8F4D7 /* AFNetworkReachabilityManager.m in Sources */,
				CDF724391F2E1D8100B8F4D7 /* MASConstraint.m in Sources */,
				CDF724451F2E1D8100B8F4D7 /* SDImageCache.m in Sources */,
				CDF7244C1F2E1D8100B8F4D7 /* SDWebImagePrefetcher.m in Sources */,
				CDF7239B1F2E111500B8F4D7 /* main.m in Sources */,
				CDF7244E1F2E1D8100B8F4D7 /* UIImage+GIF.m in Sources */,
				CDF724401F2E1D8100B8F4D7 /* View+MASAdditions.m in Sources */,
			);
			runOnlyForDeploymentPostprocessing = 0;
		};
		CDF723AB1F2E111600B8F4D7 /* Sources */ = {
			isa = PBXSourcesBuildPhase;
			buildActionMask = 2147483647;
			files = (
				CDF723B41F2E111600B8F4D7 /* QSWaiMaiTakeawayTests.m in Sources */,
			);
			runOnlyForDeploymentPostprocessing = 0;
		};
		CDF723B61F2E111600B8F4D7 /* Sources */ = {
			isa = PBXSourcesBuildPhase;
			buildActionMask = 2147483647;
			files = (
				CDF723BF1F2E111600B8F4D7 /* QSWaiMaiTakeawayUITests.m in Sources */,
			);
			runOnlyForDeploymentPostprocessing = 0;
		};
/* End PBXSourcesBuildPhase section */

/* Begin PBXTargetDependency section */
		CDF723B11F2E111600B8F4D7 /* PBXTargetDependency */ = {
			isa = PBXTargetDependency;
			target = CDF723951F2E111500B8F4D7 /* QSWaiMaiTakeaway */;
			targetProxy = CDF723B01F2E111600B8F4D7 /* PBXContainerItemProxy */;
		};
		CDF723BC1F2E111600B8F4D7 /* PBXTargetDependency */ = {
			isa = PBXTargetDependency;
			target = CDF723951F2E111500B8F4D7 /* QSWaiMaiTakeaway */;
			targetProxy = CDF723BB1F2E111600B8F4D7 /* PBXContainerItemProxy */;
		};
/* End PBXTargetDependency section */

/* Begin PBXVariantGroup section */
		CDF723A71F2E111500B8F4D7 /* LaunchScreen.storyboard */ = {
			isa = PBXVariantGroup;
			children = (
				CDF723A81F2E111500B8F4D7 /* Base */,
			);
			name = LaunchScreen.storyboard;
			sourceTree = "<group>";
		};
/* End PBXVariantGroup section */

/* Begin XCBuildConfiguration section */
		CDF723C11F2E111600B8F4D7 /* Debug */ = {
			isa = XCBuildConfiguration;
			buildSettings = {
				ALWAYS_SEARCH_USER_PATHS = NO;
				CLANG_ANALYZER_NONNULL = YES;
				CLANG_CXX_LANGUAGE_STANDARD = "gnu++0x";
				CLANG_CXX_LIBRARY = "libc++";
				CLANG_ENABLE_MODULES = YES;
				CLANG_ENABLE_OBJC_ARC = YES;
				CLANG_WARN_BOOL_CONVERSION = YES;
				CLANG_WARN_CONSTANT_CONVERSION = YES;
				CLANG_WARN_DIRECT_OBJC_ISA_USAGE = YES_ERROR;
				CLANG_WARN_DOCUMENTATION_COMMENTS = YES;
				CLANG_WARN_EMPTY_BODY = YES;
				CLANG_WARN_ENUM_CONVERSION = YES;
				CLANG_WARN_INFINITE_RECURSION = YES;
				CLANG_WARN_INT_CONVERSION = YES;
				CLANG_WARN_OBJC_ROOT_CLASS = YES_ERROR;
				CLANG_WARN_SUSPICIOUS_MOVE = YES;
				CLANG_WARN_UNREACHABLE_CODE = YES;
				CLANG_WARN__DUPLICATE_METHOD_MATCH = YES;
				"CODE_SIGN_IDENTITY[sdk=iphoneos*]" = "iPhone Developer";
				COPY_PHASE_STRIP = NO;
				DEBUG_INFORMATION_FORMAT = dwarf;
				ENABLE_STRICT_OBJC_MSGSEND = YES;
				ENABLE_TESTABILITY = YES;
				GCC_C_LANGUAGE_STANDARD = gnu99;
				GCC_DYNAMIC_NO_PIC = NO;
				GCC_NO_COMMON_BLOCKS = YES;
				GCC_OPTIMIZATION_LEVEL = 0;
				GCC_PREPROCESSOR_DEFINITIONS = (
					"DEBUG=1",
					"$(inherited)",
				);
				GCC_WARN_64_TO_32_BIT_CONVERSION = YES;
				GCC_WARN_ABOUT_RETURN_TYPE = YES_ERROR;
				GCC_WARN_UNDECLARED_SELECTOR = YES;
				GCC_WARN_UNINITIALIZED_AUTOS = YES_AGGRESSIVE;
				GCC_WARN_UNUSED_FUNCTION = YES;
				GCC_WARN_UNUSED_VARIABLE = YES;
				IPHONEOS_DEPLOYMENT_TARGET = 10.2;
				MTL_ENABLE_DEBUG_INFO = YES;
				ONLY_ACTIVE_ARCH = YES;
				SDKROOT = iphoneos;
			};
			name = Debug;
		};
		CDF723C21F2E111600B8F4D7 /* Release */ = {
			isa = XCBuildConfiguration;
			buildSettings = {
				ALWAYS_SEARCH_USER_PATHS = NO;
				CLANG_ANALYZER_NONNULL = YES;
				CLANG_CXX_LANGUAGE_STANDARD = "gnu++0x";
				CLANG_CXX_LIBRARY = "libc++";
				CLANG_ENABLE_MODULES = YES;
				CLANG_ENABLE_OBJC_ARC = YES;
				CLANG_WARN_BOOL_CONVERSION = YES;
				CLANG_WARN_CONSTANT_CONVERSION = YES;
				CLANG_WARN_DIRECT_OBJC_ISA_USAGE = YES_ERROR;
				CLANG_WARN_DOCUMENTATION_COMMENTS = YES;
				CLANG_WARN_EMPTY_BODY = YES;
				CLANG_WARN_ENUM_CONVERSION = YES;
				CLANG_WARN_INFINITE_RECURSION = YES;
				CLANG_WARN_INT_CONVERSION = YES;
				CLANG_WARN_OBJC_ROOT_CLASS = YES_ERROR;
				CLANG_WARN_SUSPICIOUS_MOVE = YES;
				CLANG_WARN_UNREACHABLE_CODE = YES;
				CLANG_WARN__DUPLICATE_METHOD_MATCH = YES;
				"CODE_SIGN_IDENTITY[sdk=iphoneos*]" = "iPhone Developer";
				COPY_PHASE_STRIP = NO;
				DEBUG_INFORMATION_FORMAT = "dwarf-with-dsym";
				ENABLE_NS_ASSERTIONS = NO;
				ENABLE_STRICT_OBJC_MSGSEND = YES;
				GCC_C_LANGUAGE_STANDARD = gnu99;
				GCC_NO_COMMON_BLOCKS = YES;
				GCC_WARN_64_TO_32_BIT_CONVERSION = YES;
				GCC_WARN_ABOUT_RETURN_TYPE = YES_ERROR;
				GCC_WARN_UNDECLARED_SELECTOR = YES;
				GCC_WARN_UNINITIALIZED_AUTOS = YES_AGGRESSIVE;
				GCC_WARN_UNUSED_FUNCTION = YES;
				GCC_WARN_UNUSED_VARIABLE = YES;
				IPHONEOS_DEPLOYMENT_TARGET = 10.2;
				MTL_ENABLE_DEBUG_INFO = NO;
				SDKROOT = iphoneos;
				VALIDATE_PRODUCT = YES;
			};
			name = Release;
		};
		CDF723C41F2E111600B8F4D7 /* Debug */ = {
			isa = XCBuildConfiguration;
			buildSettings = {
				ASSETCATALOG_COMPILER_APPICON_NAME = AppIcon;
				GCC_PRECOMPILE_PREFIX_HEADER = NO;
				GCC_PREFIX_HEADER = "";
				INFOPLIST_FILE = QSWaiMaiTakeaway/Info.plist;
				LD_RUNPATH_SEARCH_PATHS = "$(inherited) @executable_path/Frameworks";
				PRODUCT_BUNDLE_IDENTIFIER = com.qs1993.111.QSWaiMaiTakeaway;
				PRODUCT_NAME = "$(TARGET_NAME)";
			};
			name = Debug;
		};
		CDF723C51F2E111600B8F4D7 /* Release */ = {
			isa = XCBuildConfiguration;
			buildSettings = {
				ASSETCATALOG_COMPILER_APPICON_NAME = AppIcon;
				GCC_PRECOMPILE_PREFIX_HEADER = NO;
				GCC_PREFIX_HEADER = "";
				INFOPLIST_FILE = QSWaiMaiTakeaway/Info.plist;
				LD_RUNPATH_SEARCH_PATHS = "$(inherited) @executable_path/Frameworks";
				PRODUCT_BUNDLE_IDENTIFIER = com.qs1993.111.QSWaiMaiTakeaway;
				PRODUCT_NAME = "$(TARGET_NAME)";
			};
			name = Release;
		};
		CDF723C71F2E111600B8F4D7 /* Debug */ = {
			isa = XCBuildConfiguration;
			buildSettings = {
				BUNDLE_LOADER = "$(TEST_HOST)";
				INFOPLIST_FILE = QSWaiMaiTakeawayTests/Info.plist;
				LD_RUNPATH_SEARCH_PATHS = "$(inherited) @executable_path/Frameworks @loader_path/Frameworks";
				PRODUCT_BUNDLE_IDENTIFIER = com.qs1993.111.QSWaiMaiTakeawayTests;
				PRODUCT_NAME = "$(TARGET_NAME)";
				TEST_HOST = "$(BUILT_PRODUCTS_DIR)/QSWaiMaiTakeaway.app/QSWaiMaiTakeaway";
			};
			name = Debug;
		};
		CDF723C81F2E111600B8F4D7 /* Release */ = {
			isa = XCBuildConfiguration;
			buildSettings = {
				BUNDLE_LOADER = "$(TEST_HOST)";
				INFOPLIST_FILE = QSWaiMaiTakeawayTests/Info.plist;
				LD_RUNPATH_SEARCH_PATHS = "$(inherited) @executable_path/Frameworks @loader_path/Frameworks";
				PRODUCT_BUNDLE_IDENTIFIER = com.qs1993.111.QSWaiMaiTakeawayTests;
				PRODUCT_NAME = "$(TARGET_NAME)";
				TEST_HOST = "$(BUILT_PRODUCTS_DIR)/QSWaiMaiTakeaway.app/QSWaiMaiTakeaway";
			};
			name = Release;
		};
		CDF723CA1F2E111600B8F4D7 /* Debug */ = {
			isa = XCBuildConfiguration;
			buildSettings = {
				INFOPLIST_FILE = QSWaiMaiTakeawayUITests/Info.plist;
				LD_RUNPATH_SEARCH_PATHS = "$(inherited) @executable_path/Frameworks @loader_path/Frameworks";
				PRODUCT_BUNDLE_IDENTIFIER = com.qs1993.111.QSWaiMaiTakeawayUITests;
				PRODUCT_NAME = "$(TARGET_NAME)";
				TEST_TARGET_NAME = QSWaiMaiTakeaway;
			};
			name = Debug;
		};
		CDF723CB1F2E111600B8F4D7 /* Release */ = {
			isa = XCBuildConfiguration;
			buildSettings = {
				INFOPLIST_FILE = QSWaiMaiTakeawayUITests/Info.plist;
				LD_RUNPATH_SEARCH_PATHS = "$(inherited) @executable_path/Frameworks @loader_path/Frameworks";
				PRODUCT_BUNDLE_IDENTIFIER = com.qs1993.111.QSWaiMaiTakeawayUITests;
				PRODUCT_NAME = "$(TARGET_NAME)";
				TEST_TARGET_NAME = QSWaiMaiTakeaway;
			};
			name = Release;
		};
/* End XCBuildConfiguration section */

/* Begin XCConfigurationList section */
		CDF723911F2E111500B8F4D7 /* Build configuration list for PBXProject "QSWaiMaiTakeaway" */ = {
			isa = XCConfigurationList;
			buildConfigurations = (
				CDF723C11F2E111600B8F4D7 /* Debug */,
				CDF723C21F2E111600B8F4D7 /* Release */,
			);
			defaultConfigurationIsVisible = 0;
			defaultConfigurationName = Release;
		};
		CDF723C31F2E111600B8F4D7 /* Build configuration list for PBXNativeTarget "QSWaiMaiTakeaway" */ = {
			isa = XCConfigurationList;
			buildConfigurations = (
				CDF723C41F2E111600B8F4D7 /* Debug */,
				CDF723C51F2E111600B8F4D7 /* Release */,
			);
			defaultConfigurationIsVisible = 0;
			defaultConfigurationName = Release;
		};
		CDF723C61F2E111600B8F4D7 /* Build configuration list for PBXNativeTarget "QSWaiMaiTakeawayTests" */ = {
			isa = XCConfigurationList;
			buildConfigurations = (
				CDF723C71F2E111600B8F4D7 /* Debug */,
				CDF723C81F2E111600B8F4D7 /* Release */,
			);
			defaultConfigurationIsVisible = 0;
			defaultConfigurationName = Release;
		};
		CDF723C91F2E111600B8F4D7 /* Build configuration list for PBXNativeTarget "QSWaiMaiTakeawayUITests" */ = {
			isa = XCConfigurationList;
			buildConfigurations = (
				CDF723CA1F2E111600B8F4D7 /* Debug */,
				CDF723CB1F2E111600B8F4D7 /* Release */,
			);
			defaultConfigurationIsVisible = 0;
			defaultConfigurationName = Release;
		};
/* End XCConfigurationList section */
	};
	rootObject = CDF7238E1F2E111500B8F4D7 /* Project object */;
}
